dependencies:
- name: postgresql
  repository: https://charts.bitnami.com/bitnami
  version: 15.5.38
- name: mariadb
  repository: https://charts.bitnami.com/bitnami
  version: 18.2.6
- name: redis
  repository: https://charts.bitnami.com/bitnami
  version: 19.6.4
digest: sha256:1685edc52aec4586f6fc05e7a2b73d114c9eaea37598d612126f128aeac74625
generated: "2026-03-10T18:34:16.477552472Z"
