dependencies:
- name: postgresql
  repository: oci://registry-1.docker.io/bitnamicharts
  version: 18.6.5
- name: authentik-remote-cluster
  repository: https://charts.goauthentik.io
  version: 2.1.0
digest: sha256:4844ef4c2af6534634d93f3bba099ef11aa35afb6f021f8130492120f18acd29
generated: "2026-05-14T19:25:59.424489864Z"
