dependencies:
- name: postgresql
  repository: oci://registry-1.docker.io/bitnamicharts
  version: 16.7.27
- name: authentik-remote-cluster
  repository: https://charts.goauthentik.io
  version: 2.1.0
digest: sha256:f767d5ae15e36c2cd911ad49b772ad4bb2321718a686771731dcbd23e3d976ba
generated: "2026-04-17T07:20:42.760721822Z"
