dependencies:
- name: postgresql
  repository: oci://registry-1.docker.io/bitnamicharts
  version: 18.7.6
- name: authentik-remote-cluster
  repository: https://charts.goauthentik.io
  version: 2.1.0
digest: sha256:941e3f2fe17b207bd71ebdf00440d27eca0aa54da209aab61e7c7ca74477ebfc
generated: "2026-06-20T19:06:31.014977378Z"
